github.com/FRahimov84/Mux v0.0.0-20200317100526-ed5288d66747 h1:L2ZkS6OkUyB8FvYigcWAA9L7k1LzAu+Fjw1ucrehvqk=
github.com/FRahimov84/Mux v0.0.0-20200317100526-ed5288d66747/go.mod h1:wc+nFn9moLjgJsbpBduuX+qcXdavwIj1ROWphTJIxbA=
github.com/FRahimov84/di v0.0.0-20200314131826-a53f9269cf2f h1:/4VOYYzOSDuQBEj9pqJCzVd7q59apgCrQr1xnCb37ZA=
github.com/FRahimov84/di v0.0.0-20200314131826-a53f9269cf2f/go.mod h1:d3V7LlLtwNVDW3Lt8MBi+nEt6au2yMRbO7Jif4saVoc=
github.com/FRahimov84/rest v0.0.0-20200314104428-680712befc0d h1:VVDpZ1t8EHV3SnpiZb59WhKqn3AV/ajxs4lH5z0Tdmc=
github.com/FRahimov84/rest v0.0.0-20200314104428-680712befc0d/go.mod h1:iepZGsCKDNt+utrFOWmNqTTGwNYB0XIu2EEGmTy6pwg=
github.com/google/uuid v1.1.1 h1:Gkbcsh/GbpXz7lPftLA3P6TYMwjCLYm83jiFQZF/3gY=
github.com/google/uuid v1.1.1/go.mod h1:TIyPZe4MgqvfeYDBFedMoGGpEw/LqOeaOT+nhxU+yHo=
